
Microsoft Visual Studio Solution File, Format Version 12.00
# Visual Studio Version 16
VisualStudioVersion = 16.0.33927.289
MinimumVisualStudioVersion = 10.0.40219.1
Project("{FAE04EC0-301F-11D3-BF4B-00C04F79EFBC}") = "generatorv8", "generatorv8\generatorv8.csproj", "{A0A7CE2A-7FFA-43BB-B892-8B73D6B1C943}"
EndProject
Global
	GlobalSection(SolutionConfigurationPlatforms) = preSolution
		Debug|Any CPU = Debug|Any CPU
		Release|Any CPU = Release|Any CPU
	EndGlobalSection
	GlobalSection(ProjectConfigurationPlatforms) = postSolution
		{A0A7CE2A-7FFA-43BB-B892-8B73D6B1C943}.Debug|Any CPU.ActiveCfg = Debug|Any CPU
		{A0A7CE2A-7FFA-43BB-B892-8B73D6B1C943}.Debug|Any CPU.Build.0 = Debug|Any CPU
		{A0A7CE2A-7FFA-43BB-B892-8B73D6B1C943}.Release|Any CPU.ActiveCfg = Release|Any CPU
		{A0A7CE2A-7FFA-43BB-B892-8B73D6B1C943}.Release|Any CPU.Build.0 = Release|Any CPU
	EndGlobalSection
	GlobalSection(SolutionProperties) = preSolution
		HideSolutionNode = FALSE
	EndGlobalSection
	GlobalSection(ExtensibilityGlobals) = postSolution
		SolutionGuid = {A493F787-E14A-4D79-B877-94FCB7598E86}
	EndGlobalSection
EndGlobal
